
Microsoft Visual Studio Solution File, Format Version 12.00
# Visual Studio Version 17
VisualStudioVersion = 17.7.34202.233
MinimumVisualStudioVersion = 10.0.40219.1
Project("{FAE04EC0-301F-11D3-BF4B-00C04F79EFBC}") = "Practical2Week2", "Practical2Week2\Practical2Week2.csproj", "{FED63A94-B770-4730-B3F9-0EB5AB93E7D6}"
EndProject
Global
	GlobalSection(SolutionConfigurationPlatforms) = preSolution
		Debug|Any CPU = Debug|Any CPU
		Release|Any CPU = Release|Any CPU
	EndGlobalSection
	GlobalSection(ProjectConfigurationPlatforms) = postSolution
		{FED63A94-B770-4730-B3F9-0EB5AB93E7D6}.Debug|Any CPU.ActiveCfg = Debug|Any CPU
		{FED63A94-B770-4730-B3F9-0EB5AB93E7D6}.Debug|Any CPU.Build.0 = Debug|Any CPU
		{FED63A94-B770-4730-B3F9-0EB5AB93E7D6}.Release|Any CPU.ActiveCfg = Release|Any CPU
		{FED63A94-B770-4730-B3F9-0EB5AB93E7D6}.Release|Any CPU.Build.0 = Release|Any CPU
	EndGlobalSection
	GlobalSection(SolutionProperties) = preSolution
		HideSolutionNode = FALSE
	EndGlobalSection
	GlobalSection(ExtensibilityGlobals) = postSolution
		SolutionGuid = {E2C803C4-C8E9-432A-87D8-72E23D315EDC}
	EndGlobalSection
EndGlobal
